github.com/barbell-math/smoothbrain-bs v0.0.0-20250425053017-a3279ded0f24 h1:EXl03deedSvUteXVzQbM/Rt9SIhbxBVYOLodz0cS8jo=
github.com/barbell-math/smoothbrain-bs v0.0.0-20250425053017-a3279ded0f24/go.mod h1:FQWW2l1VFXaivWjczddZ565lW7JijYX9ox/lyA0rEBg=
github.com/barbell-math/smoothbrain-test v0.0.0-20250425052902-eb2ac44e0206 h1:N+ODYrJuKirp65bYiMiL+2vW6SGuHedLMunLlyZKaAQ=
github.com/barbell-math/smoothbrain-test v0.0.0-20250425052902-eb2ac44e0206/go.mod h1:i5DqC60h6q+W5lJsxBSF+twGX9yrjAK4vsfo48XB/0I=
